
Microsoft Visual Studio Solution File, Format Version 12.00
# Visual Studio 14
VisualStudioVersion = 14.0.25420.1
MinimumVisualStudioVersion = 10.0.40219.1
Project("{8BC9CEB8-8B4A-11D0-8D11-00A0C91BC942}") = "JsonLib", "JsonLib.vcxproj", "{07843E8F-E80E-45BA-A20C-9FD1281DEDBE}"
EndProject
Global
	GlobalSection(SolutionConfigurationPlatforms) = preSolution
		Debug|x64 = Debug|x64
		Debug|x86 = Debug|x86
		Release|x64 = Release|x64
		Release|x86 = Release|x86
	EndGlobalSection
	GlobalSection(ProjectConfigurationPlatforms) = postSolution
		{07843E8F-E80E-45BA-A20C-9FD1281DEDBE}.Debug|x64.ActiveCfg = Debug|x64
		{07843E8F-E80E-45BA-A20C-9FD1281DEDBE}.Debug|x64.Build.0 = Debug|x64
		{07843E8F-E80E-45BA-A20C-9FD1281DEDBE}.Debug|x86.ActiveCfg = Debug|Win32
		{07843E8F-E80E-45BA-A20C-9FD1281DEDBE}.Debug|x86.Build.0 = Debug|Win32
		{07843E8F-E80E-45BA-A20C-9FD1281DEDBE}.Release|x64.ActiveCfg = Release|x64
		{07843E8F-E80E-45BA-A20C-9FD1281DEDBE}.Release|x64.Build.0 = Release|x64
		{07843E8F-E80E-45BA-A20C-9FD1281DEDBE}.Release|x86.ActiveCfg = Release|Win32
		{07843E8F-E80E-45BA-A20C-9FD1281DEDBE}.Release|x86.Build.0 = Release|Win32
	EndGlobalSection
	GlobalSection(SolutionProperties) = preSolution
		HideSolutionNode = FALSE
	EndGlobalSection
EndGlobal
