
Microsoft Visual Studio Solution File, Format Version 12.00
# Visual Studio 14
VisualStudioVersion = 14.0.25420.1
MinimumVisualStudioVersion = 10.0.40219.1
Project("{8BC9CEB8-8B4A-11D0-8D11-00A0C91BC942}") = "LMPlayer", "LePlayer\LePlayer.vcxproj", "{10BE23E1-2EF0-4F7A-93E0-5B5BE8972790}"
	ProjectSection(ProjectDependencies) = postProject
		{2A43D67F-85BD-429B-95F8-9153CE8A1DA9} = {2A43D67F-85BD-429B-95F8-9153CE8A1DA9}
		{E8025795-99EA-4684-8346-39D828BE190D} = {E8025795-99EA-4684-8346-39D828BE190D}
	EndProjectSection
EndProject
Project("{8BC9CEB8-8B4A-11D0-8D11-00A0C91BC942}") = "Player", "Player\Player.vcxproj", "{FA547CA9-5928-45F7-9070-809569B3523E}"
EndProject
Project("{8BC9CEB8-8B4A-11D0-8D11-00A0C91BC942}") = "Update", "Update\Update.vcxproj", "{EA86CCD0-156C-42CF-BC89-712EE4E9B2C9}"
	ProjectSection(ProjectDependencies) = postProject
		{2A43D67F-85BD-429B-95F8-9153CE8A1DA9} = {2A43D67F-85BD-429B-95F8-9153CE8A1DA9}
	EndProjectSection
EndProject
Project("{8BC9CEB8-8B4A-11D0-8D11-00A0C91BC942}") = "LeDB", "LeDB\LeDB.vcxproj", "{0F6C9990-B05A-4A53-9400-4C92959B65F3}"
	ProjectSection(ProjectDependencies) = postProject
		{2A43D67F-85BD-429B-95F8-9153CE8A1DA9} = {2A43D67F-85BD-429B-95F8-9153CE8A1DA9}
	EndProjectSection
EndProject
Project("{8BC9CEB8-8B4A-11D0-8D11-00A0C91BC942}") = "LeReport", "LeReport\LeReport.vcxproj", "{E8025795-99EA-4684-8346-39D828BE190D}"
	ProjectSection(ProjectDependencies) = postProject
		{2A43D67F-85BD-429B-95F8-9153CE8A1DA9} = {2A43D67F-85BD-429B-95F8-9153CE8A1DA9}
	EndProjectSection
EndProject
Project("{8BC9CEB8-8B4A-11D0-8D11-00A0C91BC942}") = "LeTools", "LeTools\LeTools.vcxproj", "{2A43D67F-85BD-429B-95F8-9153CE8A1DA9}"
EndProject
Project("{8BC9CEB8-8B4A-11D0-8D11-00A0C91BC942}") = "LeDaemonWork", "LeDaemonWork\LeDaemonWork.vcxproj", "{731D3FC1-BDB8-48E2-A91B-229D35941D3A}"
	ProjectSection(ProjectDependencies) = postProject
		{2A43D67F-85BD-429B-95F8-9153CE8A1DA9} = {2A43D67F-85BD-429B-95F8-9153CE8A1DA9}
		{E8025795-99EA-4684-8346-39D828BE190D} = {E8025795-99EA-4684-8346-39D828BE190D}
	EndProjectSection
EndProject
Project("{8BC9CEB8-8B4A-11D0-8D11-00A0C91BC942}") = "LpService", "LpService\LpService.vcxproj", "{B968AFBE-96B1-4958-90BA-D2CF73D7E723}"
	ProjectSection(ProjectDependencies) = postProject
		{2A43D67F-85BD-429B-95F8-9153CE8A1DA9} = {2A43D67F-85BD-429B-95F8-9153CE8A1DA9}
		{E8025795-99EA-4684-8346-39D828BE190D} = {E8025795-99EA-4684-8346-39D828BE190D}
		{731D3FC1-BDB8-48E2-A91B-229D35941D3A} = {731D3FC1-BDB8-48E2-A91B-229D35941D3A}
	EndProjectSection
EndProject
Project("{8BC9CEB8-8B4A-11D0-8D11-00A0C91BC942}") = "LeLaunch", "Launch\LeLaunch.vcxproj", "{1CAD8A5C-B268-4183-9F1E-C9A652D17B8C}"
EndProject
Global
	GlobalSection(SolutionConfigurationPlatforms) = preSolution
		Debug|x64 = Debug|x64
		Debug|x86 = Debug|x86
		Release|x64 = Release|x64
		Release|x86 = Release|x86
	EndGlobalSection
	GlobalSection(ProjectConfigurationPlatforms) = postSolution
		{10BE23E1-2EF0-4F7A-93E0-5B5BE8972790}.Debug|x64.ActiveCfg = Debug|x64
		{10BE23E1-2EF0-4F7A-93E0-5B5BE8972790}.Debug|x64.Build.0 = Debug|x64
		{10BE23E1-2EF0-4F7A-93E0-5B5BE8972790}.Debug|x86.ActiveCfg = Debug|Win32
		{10BE23E1-2EF0-4F7A-93E0-5B5BE8972790}.Debug|x86.Build.0 = Debug|Win32
		{10BE23E1-2EF0-4F7A-93E0-5B5BE8972790}.Release|x64.ActiveCfg = Release|x64
		{10BE23E1-2EF0-4F7A-93E0-5B5BE8972790}.Release|x64.Build.0 = Release|x64
		{10BE23E1-2EF0-4F7A-93E0-5B5BE8972790}.Release|x86.ActiveCfg = Release|Win32
		{10BE23E1-2EF0-4F7A-93E0-5B5BE8972790}.Release|x86.Build.0 = Release|Win32
		{FA547CA9-5928-45F7-9070-809569B3523E}.Debug|x64.ActiveCfg = Debug|x64
		{FA547CA9-5928-45F7-9070-809569B3523E}.Debug|x64.Build.0 = Debug|x64
		{FA547CA9-5928-45F7-9070-809569B3523E}.Debug|x86.ActiveCfg = Debug|Win32
		{FA547CA9-5928-45F7-9070-809569B3523E}.Debug|x86.Build.0 = Debug|Win32
		{FA547CA9-5928-45F7-9070-809569B3523E}.Release|x64.ActiveCfg = Release|x64
		{FA547CA9-5928-45F7-9070-809569B3523E}.Release|x64.Build.0 = Release|x64
		{FA547CA9-5928-45F7-9070-809569B3523E}.Release|x86.ActiveCfg = Release|Win32
		{FA547CA9-5928-45F7-9070-809569B3523E}.Release|x86.Build.0 = Release|Win32
		{EA86CCD0-156C-42CF-BC89-712EE4E9B2C9}.Debug|x64.ActiveCfg = Debug|x64
		{EA86CCD0-156C-42CF-BC89-712EE4E9B2C9}.Debug|x64.Build.0 = Debug|x64
		{EA86CCD0-156C-42CF-BC89-712EE4E9B2C9}.Debug|x86.ActiveCfg = Debug|Win32
		{EA86CCD0-156C-42CF-BC89-712EE4E9B2C9}.Debug|x86.Build.0 = Debug|Win32
		{EA86CCD0-156C-42CF-BC89-712EE4E9B2C9}.Release|x64.ActiveCfg = Release|x64
		{EA86CCD0-156C-42CF-BC89-712EE4E9B2C9}.Release|x64.Build.0 = Release|x64
		{EA86CCD0-156C-42CF-BC89-712EE4E9B2C9}.Release|x86.ActiveCfg = Release|Win32
		{EA86CCD0-156C-42CF-BC89-712EE4E9B2C9}.Release|x86.Build.0 = Release|Win32
		{0F6C9990-B05A-4A53-9400-4C92959B65F3}.Debug|x64.ActiveCfg = Debug|Win32
		{0F6C9990-B05A-4A53-9400-4C92959B65F3}.Debug|x86.ActiveCfg = Debug|Win32
		{0F6C9990-B05A-4A53-9400-4C92959B65F3}.Debug|x86.Build.0 = Debug|Win32
		{0F6C9990-B05A-4A53-9400-4C92959B65F3}.Release|x64.ActiveCfg = Release|Win32
		{0F6C9990-B05A-4A53-9400-4C92959B65F3}.Release|x86.ActiveCfg = Release|Win32
		{0F6C9990-B05A-4A53-9400-4C92959B65F3}.Release|x86.Build.0 = Release|Win32
		{E8025795-99EA-4684-8346-39D828BE190D}.Debug|x64.ActiveCfg = Debug|Win32
		{E8025795-99EA-4684-8346-39D828BE190D}.Debug|x86.ActiveCfg = Debug|Win32
		{E8025795-99EA-4684-8346-39D828BE190D}.Debug|x86.Build.0 = Debug|Win32
		{E8025795-99EA-4684-8346-39D828BE190D}.Release|x64.ActiveCfg = Release|Win32
		{E8025795-99EA-4684-8346-39D828BE190D}.Release|x86.ActiveCfg = Release|Win32
		{E8025795-99EA-4684-8346-39D828BE190D}.Release|x86.Build.0 = Release|Win32
		{2A43D67F-85BD-429B-95F8-9153CE8A1DA9}.Debug|x64.ActiveCfg = Debug|x64
		{2A43D67F-85BD-429B-95F8-9153CE8A1DA9}.Debug|x64.Build.0 = Debug|x64
		{2A43D67F-85BD-429B-95F8-9153CE8A1DA9}.Debug|x86.ActiveCfg = Debug|Win32
		{2A43D67F-85BD-429B-95F8-9153CE8A1DA9}.Debug|x86.Build.0 = Debug|Win32
		{2A43D67F-85BD-429B-95F8-9153CE8A1DA9}.Release|x64.ActiveCfg = Release|x64
		{2A43D67F-85BD-429B-95F8-9153CE8A1DA9}.Release|x64.Build.0 = Release|x64
		{2A43D67F-85BD-429B-95F8-9153CE8A1DA9}.Release|x86.ActiveCfg = Release|Win32
		{2A43D67F-85BD-429B-95F8-9153CE8A1DA9}.Release|x86.Build.0 = Release|Win32
		{731D3FC1-BDB8-48E2-A91B-229D35941D3A}.Debug|x64.ActiveCfg = Debug|x64
		{731D3FC1-BDB8-48E2-A91B-229D35941D3A}.Debug|x64.Build.0 = Debug|x64
		{731D3FC1-BDB8-48E2-A91B-229D35941D3A}.Debug|x86.ActiveCfg = Debug|Win32
		{731D3FC1-BDB8-48E2-A91B-229D35941D3A}.Debug|x86.Build.0 = Debug|Win32
		{731D3FC1-BDB8-48E2-A91B-229D35941D3A}.Release|x64.ActiveCfg = Release|x64
		{731D3FC1-BDB8-48E2-A91B-229D35941D3A}.Release|x64.Build.0 = Release|x64
		{731D3FC1-BDB8-48E2-A91B-229D35941D3A}.Release|x86.ActiveCfg = Release|Win32
		{731D3FC1-BDB8-48E2-A91B-229D35941D3A}.Release|x86.Build.0 = Release|Win32
		{B968AFBE-96B1-4958-90BA-D2CF73D7E723}.Debug|x64.ActiveCfg = Debug|x64
		{B968AFBE-96B1-4958-90BA-D2CF73D7E723}.Debug|x64.Build.0 = Debug|x64
		{B968AFBE-96B1-4958-90BA-D2CF73D7E723}.Debug|x86.ActiveCfg = Debug|Win32
		{B968AFBE-96B1-4958-90BA-D2CF73D7E723}.Debug|x86.Build.0 = Debug|Win32
		{B968AFBE-96B1-4958-90BA-D2CF73D7E723}.Release|x64.ActiveCfg = Release|x64
		{B968AFBE-96B1-4958-90BA-D2CF73D7E723}.Release|x64.Build.0 = Release|x64
		{B968AFBE-96B1-4958-90BA-D2CF73D7E723}.Release|x86.ActiveCfg = Release|Win32
		{B968AFBE-96B1-4958-90BA-D2CF73D7E723}.Release|x86.Build.0 = Release|Win32
		{1CAD8A5C-B268-4183-9F1E-C9A652D17B8C}.Debug|x64.ActiveCfg = Debug|x64
		{1CAD8A5C-B268-4183-9F1E-C9A652D17B8C}.Debug|x64.Build.0 = Debug|x64
		{1CAD8A5C-B268-4183-9F1E-C9A652D17B8C}.Debug|x86.ActiveCfg = Debug|Win32
		{1CAD8A5C-B268-4183-9F1E-C9A652D17B8C}.Debug|x86.Build.0 = Debug|Win32
		{1CAD8A5C-B268-4183-9F1E-C9A652D17B8C}.Release|x64.ActiveCfg = Release|x64
		{1CAD8A5C-B268-4183-9F1E-C9A652D17B8C}.Release|x64.Build.0 = Release|x64
		{1CAD8A5C-B268-4183-9F1E-C9A652D17B8C}.Release|x86.ActiveCfg = Release|Win32
		{1CAD8A5C-B268-4183-9F1E-C9A652D17B8C}.Release|x86.Build.0 = Release|Win32
	EndGlobalSection
	GlobalSection(SolutionProperties) = preSolution
		HideSolutionNode = FALSE
	EndGlobalSection
EndGlobal
