<?xml version="1.0" encoding="utf-8"?>
<Project ToolsVersion="4.0" xmlns="http://schemas.microsoft.com/developer/msbuild/2003">
  <ItemGroup>
    <Filter Include="源文件">
      <UniqueIdentifier>{4FC737F1-C7A5-4376-A066-2A32D752A2FF}</UniqueIdentifier>
      <Extensions>cpp;c;cc;cxx;def;odl;idl;hpj;bat;asm;asmx</Extensions>
    </Filter>
    <Filter Include="头文件">
      <UniqueIdentifier>{93995380-89BD-4b04-88EB-625FBE52EBFB}</UniqueIdentifier>
      <Extensions>h;hh;hpp;hxx;hm;inl;inc;xsd</Extensions>
    </Filter>
    <Filter Include="资源文件">
      <UniqueIdentifier>{67DA6AB6-F800-4c08-8B7A-83BB121AAD01}</UniqueIdentifier>
      <Extensions>rc;ico;cur;bmp;dlg;rc2;rct;bin;rgs;gif;jpg;jpeg;jpe;resx;tiff;tif;png;wav;mfcribbon-ms</Extensions>
    </Filter>
    <Filter Include="AesDecode">
      <UniqueIdentifier>{ba5fc324-8344-4bb8-b784-8fa98a55872f}</UniqueIdentifier>
    </Filter>
    <Filter Include="base64">
      <UniqueIdentifier>{7832517b-5593-4eaa-b85a-218df62d1cde}</UniqueIdentifier>
    </Filter>
    <Filter Include="WMI">
      <UniqueIdentifier>{6b0a99b4-616d-4b49-b06e-3b7d5af1d0f9}</UniqueIdentifier>
    </Filter>
    <Filter Include="MD5">
      <UniqueIdentifier>{69e37b01-7bbf-44fd-9bb7-f0e47968e2a8}</UniqueIdentifier>
    </Filter>
    <Filter Include="Flog">
      <UniqueIdentifier>{2d9f0e9e-012b-478d-a186-c00aec053e9f}</UniqueIdentifier>
    </Filter>
  </ItemGroup>
  <ItemGroup>
    <Text Include="ReadMe.txt" />
  </ItemGroup>
  <ItemGroup>
    <ClInclude Include="stdafx.h">
      <Filter>头文件</Filter>
    </ClInclude>
    <ClInclude Include="targetver.h">
      <Filter>头文件</Filter>
    </ClInclude>
    <ClInclude Include="LenovoDataRep.h">
      <Filter>头文件</Filter>
    </ClInclude>
    <ClInclude Include="plugin-common.h">
      <Filter>头文件</Filter>
    </ClInclude>
    <ClInclude Include="ReportUtil.h">
      <Filter>头文件</Filter>
    </ClInclude>
    <ClInclude Include="AesEncode\Aes_encryptor.h">
      <Filter>AesDecode</Filter>
    </ClInclude>
    <ClInclude Include="base64\base641.h">
      <Filter>base64</Filter>
    </ClInclude>
    <ClInclude Include="WMI\WMIInfo.h">
      <Filter>WMI</Filter>
    </ClInclude>
    <ClInclude Include="MD5\md5.h">
      <Filter>MD5</Filter>
    </ClInclude>
    <ClInclude Include="MD5Hex.h">
      <Filter>MD5</Filter>
    </ClInclude>
    <ClInclude Include="..\..\..\SDK\Flog\FileLog.h">
      <Filter>Flog</Filter>
    </ClInclude>
  </ItemGroup>
  <ItemGroup>
    <ClCompile Include="stdafx.cpp">
      <Filter>源文件</Filter>
    </ClCompile>
    <ClCompile Include="LenovoDataRep.cpp">
      <Filter>源文件</Filter>
    </ClCompile>
    <ClCompile Include="dllmain.cpp">
      <Filter>源文件</Filter>
    </ClCompile>
    <ClCompile Include="ReportUtil.cpp">
      <Filter>源文件</Filter>
    </ClCompile>
    <ClCompile Include="AesEncode\Aes_encryptor.cpp">
      <Filter>AesDecode</Filter>
    </ClCompile>
    <ClCompile Include="base64\base641.cpp">
      <Filter>base64</Filter>
    </ClCompile>
    <ClCompile Include="WMI\WMIInfo.cpp">
      <Filter>WMI</Filter>
    </ClCompile>
    <ClCompile Include="MD5\md5.cpp">
      <Filter>MD5</Filter>
    </ClCompile>
    <ClCompile Include="MD5Hex.cpp">
      <Filter>MD5</Filter>
    </ClCompile>
    <ClCompile Include="..\..\..\SDK\Flog\FileLog.cpp">
      <Filter>Flog</Filter>
    </ClCompile>
  </ItemGroup>
</Project>